
Microsoft Visual Studio Solution File, Format Version 12.00
# Visual Studio Version 16
VisualStudioVersion = 16.0.30413.136
MinimumVisualStudioVersion = 10.0.40219.1
Project("{FAE04EC0-301F-11D3-BF4B-00C04F79EFBC}") = "Test - Datum a čas", "Test - Datum a čas\Test - Datum a čas.csproj", "{3E7EF2A8-3907-4375-838E-5BA08DBDA98D}"
EndProject
Global
	GlobalSection(SolutionConfigurationPlatforms) = preSolution
		Debug|Any CPU = Debug|Any CPU
		Release|Any CPU = Release|Any CPU
	EndGlobalSection
	GlobalSection(ProjectConfigurationPlatforms) = postSolution
		{3E7EF2A8-3907-4375-838E-5BA08DBDA98D}.Debug|Any CPU.ActiveCfg = Debug|Any CPU
		{3E7EF2A8-3907-4375-838E-5BA08DBDA98D}.Debug|Any CPU.Build.0 = Debug|Any CPU
		{3E7EF2A8-3907-4375-838E-5BA08DBDA98D}.Release|Any CPU.ActiveCfg = Release|Any CPU
		{3E7EF2A8-3907-4375-838E-5BA08DBDA98D}.Release|Any CPU.Build.0 = Release|Any CPU
	EndGlobalSection
	GlobalSection(SolutionProperties) = preSolution
		HideSolutionNode = FALSE
	EndGlobalSection
	GlobalSection(ExtensibilityGlobals) = postSolution
		SolutionGuid = {9BCC6FCF-2D88-4C0F-B549-BD3215540AF7}
	EndGlobalSection
EndGlobal
